<?xml version="1.0" encoding="utf-8"?>
<Project ToolsVersion="4.0" xmlns="http://schemas.microsoft.com/developer/msbuild/2003">
  <ItemGroup>
    <Filter Include="Source files">
      <UniqueIdentifier>{0c5e7a15-e550-4630-82e2-f560cd7f06f5}</UniqueIdentifier>
      <Extensions>cpp;c;cc;cxx;def;odl;idl;hpj;bat;asm;asmx</Extensions>
    </Filter>
    <Filter Include="Header files">
      <UniqueIdentifier>{0db374ea-5298-4585-bec1-6283577a90b3}</UniqueIdentifier>
      <Extensions>h;hpp;hxx;hm;inl;inc;xsd</Extensions>
    </Filter>
    <Filter Include="Resource files">
      <UniqueIdentifier>{cc60aaf2-f72d-43c1-b61b-f3113c21b2e9}</UniqueIdentifier>
      <Extensions>rc;ico;cur;bmp;dlg;rc2;rct;bin;rgs;gif;jpg;jpeg;jpe;resx;tiff;tif;png;wav</Extensions>
    </Filter>
  </ItemGroup>
  <ItemGroup>
    <None Include="jni\Android.mk" />
    <None Include="jni\Application.mk" />
  </ItemGroup>
  <ItemGroup>
    <ClInclude Include="main.h">
      <Filter>Header files</Filter>
    </ClInclude>
    <ClInclude Include="overseer.h">
      <Filter>Header files</Filter>
    </ClInclude>
    <ClInclude Include="utils.h">
      <Filter>Header files</Filter>
    </ClInclude>
    <ClInclude Include="config.h">
      <Filter>Header files</Filter>
    </ClInclude>
  </ItemGroup>
  <ItemGroup>
    <ClCompile Include="jni\main.cpp">
      <Filter>Source files</Filter>
    </ClCompile>
    <ClCompile Include="overseer.cpp">
      <Filter>Source files</Filter>
    </ClCompile>
    <ClCompile Include="utils.cpp">
      <Filter>Source files</Filter>
    </ClCompile>
    <ClCompile Include="config.cpp">
      <Filter>Source files</Filter>
    </ClCompile>
  </ItemGroup>
</Project>